
Microsoft Visual Studio Solution File, Format Version 12.00
# Visual Studio Version 17
VisualStudioVersion = 17.8.34316.72
MinimumVisualStudioVersion = 10.0.40219.1
Project("{FAE04EC0-301F-11D3-BF4B-00C04F79EFBC}") = "ACUA_CAPA_NEG", "ACUA_CAPA_NEG\ACUA_CAPA_NEG.csproj", "{F2B6ACAE-20D4-472B-9E88-0047B9014C01}"
EndProject
Project("{FAE04EC0-301F-11D3-BF4B-00C04F79EFBC}") = "ACUA_USUARIO", "ACUA_USUARIO\ACUA_USUARIO.csproj", "{3C07B605-BED9-4546-AAE4-327A72376D01}"
EndProject
Global
	GlobalSection(SolutionConfigurationPlatforms) = preSolution
		Debug|Any CPU = Debug|Any CPU
		Release|Any CPU = Release|Any CPU
	EndGlobalSection
	GlobalSection(ProjectConfigurationPlatforms) = postSolution
		{F2B6ACAE-20D4-472B-9E88-0047B9014C01}.Debug|Any CPU.ActiveCfg = Debug|Any CPU
		{F2B6ACAE-20D4-472B-9E88-0047B9014C01}.Debug|Any CPU.Build.0 = Debug|Any CPU
		{F2B6ACAE-20D4-472B-9E88-0047B9014C01}.Release|Any CPU.ActiveCfg = Release|Any CPU
		{F2B6ACAE-20D4-472B-9E88-0047B9014C01}.Release|Any CPU.Build.0 = Release|Any CPU
		{3C07B605-BED9-4546-AAE4-327A72376D01}.Debug|Any CPU.ActiveCfg = Debug|Any CPU
		{3C07B605-BED9-4546-AAE4-327A72376D01}.Debug|Any CPU.Build.0 = Debug|Any CPU
		{3C07B605-BED9-4546-AAE4-327A72376D01}.Release|Any CPU.ActiveCfg = Release|Any CPU
		{3C07B605-BED9-4546-AAE4-327A72376D01}.Release|Any CPU.Build.0 = Release|Any CPU
	EndGlobalSection
	GlobalSection(SolutionProperties) = preSolution
		HideSolutionNode = FALSE
	EndGlobalSection
	GlobalSection(ExtensibilityGlobals) = postSolution
		SolutionGuid = {CDAB5571-3F2D-4F18-B586-1476EBA2E7F6}
	EndGlobalSection
EndGlobal
